---
lockfileVersion: 1
lockfileVendor: redhat
arches:
- arch: x86_64
  packages:
  - url: https://cdn-ubi.redhat.com/content/public/ubi/dist/ubi9/9/x86_64/appstream/os/Packages/a/apr-1.7.0-12.el9_3.x86_64.rpm
    repoid: ubi-9-for-x86_64-appstream-rpms
    size: 129032
    checksum: sha256:7a8d216d45355f7b656777fcb874a0803d5e97a3e7575b8b58dc7bf608919459
    name: apr
    evr: 1.7.0-12.el9_3
    sourcerpm: apr-1.7.0-12.el9_3.src.rpm
  - url: https://cdn-ubi.redhat.com/content/public/ubi/dist/ubi9/9/x86_64/appstream/os/Packages/a/apr-util-1.6.1-23.el9_8.1.x86_64.rpm
    repoid: ubi-9-for-x86_64-appstream-rpms
    size: 103077
    checksum: sha256:883147c3c2fdc0f53ea41d9b79a23c33263b20b3cc8d644c7894e348fb502977
    name: apr-util
    evr: 1.6.1-23.el9_8.1
    sourcerpm: apr-util-1.6.1-23.el9_8.1.src.rpm
  - url: https://cdn-ubi.redhat.com/content/public/ubi/dist/ubi9/9/x86_64/appstream/os/Packages/a/apr-util-bdb-1.6.1-23.el9_8.1.x86_64.rpm
    repoid: ubi-9-for-x86_64-appstream-rpms
    size: 18606
    checksum: sha256:f425baa0a827f052a01fa3539a17d8314fe1eb43e8d2006cd14bacc72ba28b94
    name: apr-util-bdb
    evr: 1.6.1-23.el9_8.1
    sourcerpm: apr-util-1.6.1-23.el9_8.1.src.rpm
  - url: https://cdn-ubi.redhat.com/content/public/ubi/dist/ubi9/9/x86_64/appstream/os/Packages/a/apr-util-openssl-1.6.1-23.el9_8.1.x86_64.rpm
    repoid: ubi-9-for-x86_64-appstream-rpms
    size: 21140
    checksum: sha256:4b210b595528c750ff1f58ac99e7ebb3dc197052e652779a61fdafd6d9755e61
    name: apr-util-openssl
    evr: 1.6.1-23.el9_8.1
    sourcerpm: apr-util-1.6.1-23.el9_8.1.src.rpm
  - url: https://cdn-ubi.redhat.com/content/public/ubi/dist/ubi9/9/x86_64/appstream/os/Packages/h/httpd-tools-2.4.62-13.el9_8.6.x86_64.rpm
    repoid: ubi-9-for-x86_64-appstream-rpms
    size: 90050
    checksum: sha256:247f1cc9b0f4a792ff363197e7ca1f02b95a0f949dcea52e5ecad21558d476fd
    name: httpd-tools
    evr: 2.4.62-13.el9_8.6
    sourcerpm: httpd-2.4.62-13.el9_8.6.src.rpm
  - url: https://cdn-ubi.redhat.com/content/public/ubi/dist/ubi9/9/x86_64/appstream/os/Packages/n/nginx-1.20.1-28.el9_8.6.x86_64.rpm
    repoid: ubi-9-for-x86_64-appstream-rpms
    size: 46072
    checksum: sha256:b578313ca4e91efdba71acd8694c2abbdc2324772d91493f325b506bbb465cd2
    name: nginx
    evr: 2:1.20.1-28.el9_8.6
    sourcerpm: nginx-1.20.1-28.el9_8.6.src.rpm
  - url: https://cdn-ubi.redhat.com/content/public/ubi/dist/ubi9/9/x86_64/appstream/os/Packages/n/nginx-core-1.20.1-28.el9_8.6.x86_64.rpm
    repoid: ubi-9-for-x86_64-appstream-rpms
    size: 595771
    checksum: sha256:c4f0b6160dd764a8507ae8a7bf4b725a3c0cd288a41fc7f6103fd298dcac30e0
    name: nginx-core
    evr: 2:1.20.1-28.el9_8.6
    sourcerpm: nginx-1.20.1-28.el9_8.6.src.rpm
  - url: https://cdn-ubi.redhat.com/content/public/ubi/dist/ubi9/9/x86_64/appstream/os/Packages/n/nginx-filesystem-1.20.1-28.el9_8.6.noarch.rpm
    repoid: ubi-9-for-x86_64-appstream-rpms
    size: 17708
    checksum: sha256:855287d121559addddae5d3581d56e8df37d6ba5bbb93bafcfe7c20ceab4f9e4
    name: nginx-filesystem
    evr: 2:1.20.1-28.el9_8.6
    sourcerpm: nginx-1.20.1-28.el9_8.6.src.rpm
  - url: https://cdn-ubi.redhat.com/content/public/ubi/dist/ubi9/9/x86_64/appstream/os/Packages/r/redhat-logos-httpd-90.6-1.el9.noarch.rpm
    repoid: ubi-9-for-x86_64-appstream-rpms
    size: 15717
    checksum: sha256:59b3f463c662b8666919d3d76fc48bd7c31a8b131736dc92d9d2135ca7f3533c
    name: redhat-logos-httpd
    evr: 90.6-1.el9
    sourcerpm: redhat-logos-90.6-1.el9.src.rpm
  - url: https://cdn-ubi.redhat.com/content/public/ubi/dist/ubi9/9/x86_64/baseos/os/Packages/a/acl-2.4.0-1.el9_8.x86_64.rpm
    repoid: ubi-9-for-x86_64-baseos-rpms
    size: 85269
    checksum: sha256:611da2c85401a2f26dba165c0be27b2e62fa71ceb5c392c8f5a9d30c31238d5b
    name: acl
    evr: 2.4.0-1.el9_8
    sourcerpm: acl-2.4.0-1.el9_8.src.rpm
  - url: https://cdn-ubi.redhat.com/content/public/ubi/dist/ubi9/9/x86_64/baseos/os/Packages/c/cracklib-2.9.6-28.el9.x86_64.rpm
    repoid: ubi-9-for-x86_64-baseos-rpms
    size: 102444
    checksum: sha256:3b415381d4bd307686268ec42f646c7770f6a815de73a40a88aab7a7061b30a9
    name: cracklib
    evr: 2.9.6-28.el9
    sourcerpm: cracklib-2.9.6-28.el9.src.rpm
  - url: https://cdn-ubi.redhat.com/content/public/ubi/dist/ubi9/9/x86_64/baseos/os/Packages/c/cracklib-dicts-2.9.6-28.el9.x86_64.rpm
    repoid: ubi-9-for-x86_64-baseos-rpms
    size: 3829431
    checksum: sha256:61c11d3c23b62016b9939f917bb7f7e03cba324eb4ad35b375387ce9f18e25a1
    name: cracklib-dicts
    evr: 2.9.6-28.el9
    sourcerpm: cracklib-2.9.6-28.el9.src.rpm
  - url: https://cdn-ubi.redhat.com/content/public/ubi/dist/ubi9/9/x86_64/baseos/os/Packages/d/dbus-1.12.20-8.el9.x86_64.rpm
    repoid: ubi-9-for-x86_64-baseos-rpms
    size: 8073
    checksum: sha256:96b1daa4de0a635ab760a8431fb005022bb7cb48d2d1d3ec9a8adb1798c0e10e
    name: dbus
    evr: 1:1.12.20-8.el9
    sourcerpm: dbus-1.12.20-8.el9.src.rpm
  - url: https://cdn-ubi.redhat.com/content/public/ubi/dist/ubi9/9/x86_64/baseos/os/Packages/d/dbus-broker-28-9.el9_8.x86_64.rpm
    repoid: ubi-9-for-x86_64-baseos-rpms
    size: 180434
    checksum: sha256:2c3b853f8548394af581f487d3682e3e6a4fd27bb451088ce278c7f00af454db
    name: dbus-broker
    evr: 28-9.el9_8
    sourcerpm: dbus-broker-28-9.el9_8.src.rpm
  - url: https://cdn-ubi.redhat.com/content/public/ubi/dist/ubi9/9/x86_64/baseos/os/Packages/d/dbus-common-1.12.20-8.el9.noarch.rpm
    repoid: ubi-9-for-x86_64-baseos-rpms
    size: 18551
    checksum: sha256:298f1cada3cbcef6713098b9925694a0e30e8566f7a5bdbd72384520cf6c8360
    name: dbus-common
    evr: 1:1.12.20-8.el9
    sourcerpm: dbus-1.12.20-8.el9.src.rpm
  - url: https://cdn-ubi.redhat.com/content/public/ubi/dist/ubi9/9/x86_64/baseos/os/Packages/e/elfutils-libelf-0.194-1.el9.x86_64.rpm
    repoid: ubi-9-for-x86_64-baseos-rpms
    size: 205864
    checksum: sha256:00bbe4776149d8ccedcdf19dd6ceb08c3bb42ff41b98d744abe101af0b11a6c5
    name: elfutils-libelf
    evr: 0.194-1.el9
    sourcerpm: elfutils-0.194-1.el9.src.rpm
  - url: https://cdn-ubi.redhat.com/content/public/ubi/dist/ubi9/9/x86_64/baseos/os/Packages/e/expat-2.5.0-6.el9_8.3.x86_64.rpm
    repoid: ubi-9-for-x86_64-baseos-rpms
    size: 128577
    checksum: sha256:3c9c96529f94f84fc19c8039d8852269e1085d16b5af2933f44ff286dec66a35
    name: expat
    evr: 2.5.0-6.el9_8.3
    sourcerpm: expat-2.5.0-6.el9_8.3.src.rpm
  - url: https://cdn-ubi.redhat.com/content/public/ubi/dist/ubi9/9/x86_64/baseos/os/Packages/g/gettext-0.21-8.el9.x86_64.rpm
    repoid: ubi-9-for-x86_64-baseos-rpms
    size: 1193150
    checksum: sha256:febf6aec8699ca352aba5a7a249ed0cb011b68c5bab17f6178f09b1035974dde
    name: gettext
    evr: 0.21-8.el9
    sourcerpm: gettext-0.21-8.el9.src.rpm
  - url: https://cdn-ubi.redhat.com/content/public/ubi/dist/ubi9/9/x86_64/baseos/os/Packages/g/gettext-libs-0.21-8.el9.x86_64.rpm
    repoid: ubi-9-for-x86_64-baseos-rpms
    size: 313328
    checksum: sha256:b319325e941e03e3e7381161889ab39473398194786a52fc1653d025211b6e1a
    name: gettext-libs
    evr: 0.21-8.el9
    sourcerpm: gettext-0.21-8.el9.src.rpm
  - url: https://cdn-ubi.redhat.com/content/public/ubi/dist/ubi9/9/x86_64/baseos/os/Packages/g/gzip-1.12-2.el9_8.x86_64.rpm
    repoid: ubi-9-for-x86_64-baseos-rpms
    size: 172571
    checksum: sha256:a87bdcce45011f232758c01bd99c564b5f6b549d391646cc573a132d22604b85
    name: gzip
    evr: 1.12-2.el9_8
    sourcerpm: gzip-1.12-2.el9_8.src.rpm
  - url: https://cdn-ubi.redhat.com/content/public/ubi/dist/ubi9/9/x86_64/baseos/os/Packages/i/iproute-6.17.0-2.el9.x86_64.rpm
    repoid: ubi-9-for-x86_64-baseos-rpms
    size: 894459
    checksum: sha256:008c615c830a69009a560ce44d9eb5924a793ee89b977856a91f1b7099bad1d5
    name: iproute
    evr: 6.17.0-2.el9
    sourcerpm: iproute-6.17.0-2.el9.src.rpm
  - url: https://cdn-ubi.redhat.com/content/public/ubi/dist/ubi9/9/x86_64/baseos/os/Packages/k/kmod-libs-28-11.el9.x86_64.rpm
    repoid: ubi-9-for-x86_64-baseos-rpms
    size: 63619
    checksum: sha256:f296bc24a1b8ba6c40ed73ba736be97ed78e4124b6dbdd8a0a25a9683d4ff1ce
    name: kmod-libs
    evr: 28-11.el9
    sourcerpm: kmod-28-11.el9.src.rpm
  - url: https://cdn-ubi.redhat.com/content/public/ubi/dist/ubi9/9/x86_64/baseos/os/Packages/l/libbpf-1.5.0-3.el9.x86_64.rpm
    repoid: ubi-9-for-x86_64-baseos-rpms
    size: 188749
    checksum: sha256:72673b289f5b720462aca02125411285b259139988be54dff7646d7639f7b26d
    name: libbpf
    evr: 2:1.5.0-3.el9
    sourcerpm: libbpf-1.5.0-3.el9.src.rpm
  - url: https://cdn-ubi.redhat.com/content/public/ubi/dist/ubi9/9/x86_64/baseos/os/Packages/l/libdb-5.3.28-57.el9_6.x86_64.rpm
    repoid: ubi-9-for-x86_64-baseos-rpms
    size: 755192
    checksum: sha256:3246e76f197e2b60eb470b9b55d3e0dda2301b029f295fed9c38ff70b87c5b6b
    name: libdb
    evr: 5.3.28-57.el9_6
    sourcerpm: libdb-5.3.28-57.el9_6.src.rpm
  - url: https://cdn-ubi.redhat.com/content/public/ubi/dist/ubi9/9/x86_64/baseos/os/Packages/l/libeconf-0.4.1-7.el9_8.x86_64.rpm
    repoid: ubi-9-for-x86_64-baseos-rpms
    size: 33179
    checksum: sha256:a570c5baaedeb1445bc2e4f3930b0a709411bbefbdbf463c3e006cbfc7018894
    name: libeconf
    evr: 0.4.1-7.el9_8
    sourcerpm: libeconf-0.4.1-7.el9_8.src.rpm
  - url: https://cdn-ubi.redhat.com/content/public/ubi/dist/ubi9/9/x86_64/baseos/os/Packages/l/libfdisk-2.37.4-25.el9.x86_64.rpm
    repoid: ubi-9-for-x86_64-baseos-rpms
    size: 161769
    checksum: sha256:1b861f267752e718ce696a80dcc06ef1dde8e9aa73fa2abed3775626d719c124
    name: libfdisk
    evr: 2.37.4-25.el9
    sourcerpm: util-linux-2.37.4-25.el9.src.rpm
  - url: https://cdn-ubi.redhat.com/content/public/ubi/dist/ubi9/9/x86_64/baseos/os/Packages/l/libgomp-11.5.0-14.el9.x86_64.rpm
    repoid: ubi-9-for-x86_64-baseos-rpms
    size: 263723
    checksum: sha256:87b9a7316760374111290e6e4c76ee4d093566f08a7c7c91ad7827c5948afb69
    name: libgomp
    evr: 11.5.0-14.el9
    sourcerpm: gcc-11.5.0-14.el9.src.rpm
  - url: https://cdn-ubi.redhat.com/content/public/ubi/dist/ubi9/9/x86_64/baseos/os/Packages/l/libmnl-1.0.4-16.el9_4.x86_64.rpm
    repoid: ubi-9-for-x86_64-baseos-rpms
    size: 30949
    checksum: sha256:badfd4eb5b7cd3622da84168674002ec718ef810ce615a1113d3e19e265b777e
    name: libmnl
    evr: 1.0.4-16.el9_4
    sourcerpm: libmnl-1.0.4-16.el9_4.src.rpm
  - url: https://cdn-ubi.redhat.com/content/public/ubi/dist/ubi9/9/x86_64/baseos/os/Packages/l/libpwquality-1.4.4-8.el9.x86_64.rpm
    repoid: ubi-9-for-x86_64-baseos-rpms
    size: 126104
    checksum: sha256:14b7ff2f7fdaf8ebec90261f4619ea7f7c3564c4de8483666de7ed4b1f49b66f
    name: libpwquality
    evr: 1.4.4-8.el9
    sourcerpm: libpwquality-1.4.4-8.el9.src.rpm
  - url: https://cdn-ubi.redhat.com/content/public/ubi/dist/ubi9/9/x86_64/baseos/os/Packages/l/libseccomp-2.5.2-2.el9.x86_64.rpm
    repoid: ubi-9-for-x86_64-baseos-rpms
    size: 76200
    checksum: sha256:e2015f60dbe784330d5df43f3f05c68c307694600a636a1706bf86527cc82e82
    name: libseccomp
    evr: 2.5.2-2.el9
    sourcerpm: libseccomp-2.5.2-2.el9.src.rpm
  - url: https://cdn-ubi.redhat.com/content/public/ubi/dist/ubi9/9/x86_64/baseos/os/Packages/l/libutempter-1.2.1-6.el9.x86_64.rpm
    repoid: ubi-9-for-x86_64-baseos-rpms
    size: 30354
    checksum: sha256:0f1df5e0d48c2ac9914bfffa7ed569cd58e42b17ba96bb3f7cf74d1e80de2597
    name: libutempter
    evr: 1.2.1-6.el9
    sourcerpm: libutempter-1.2.1-6.el9.src.rpm
  - url: https://cdn-ubi.redhat.com/content/public/ubi/dist/ubi9/9/x86_64/baseos/os/Packages/l/logrotate-3.18.0-12.el9.x86_64.rpm
    repoid: ubi-9-for-x86_64-baseos-rpms
    size: 76162
    checksum: sha256:ffa6b348d400fd25151f9a8042ed33cbf9b0dd305ee532e80c5f342e30e6fdf6
    name: logrotate
    evr: 3.18.0-12.el9
    sourcerpm: logrotate-3.18.0-12.el9.src.rpm
  - url: https://cdn-ubi.redhat.com/content/public/ubi/dist/ubi9/9/x86_64/baseos/os/Packages/o/openssl-3.5.8-1.el9_8.x86_64.rpm
    repoid: ubi-9-for-x86_64-baseos-rpms
    size: 1569041
    checksum: sha256:2e0d5017032a48c23d4efa43afbe98d45179365eaec16f38e93c271b7728a67a
    name: openssl
    evr: 1:3.5.8-1.el9_8
    sourcerpm: openssl-3.5.8-1.el9_8.src.rpm
  - url: https://cdn-ubi.redhat.com/content/public/ubi/dist/ubi9/9/x86_64/baseos/os/Packages/o/openssl-libs-3.5.8-1.el9_8.x86_64.rpm
    repoid: ubi-9-for-x86_64-baseos-rpms
    size: 2430624
    checksum: sha256:3abe1f190415d91d4dc51db74cf2ad7e06b1e5ca5f63dac978fe58d8fd14e493
    name: openssl-libs
    evr: 1:3.5.8-1.el9_8
    sourcerpm: openssl-3.5.8-1.el9_8.src.rpm
  - url: https://cdn-ubi.redhat.com/content/public/ubi/dist/ubi9/9/x86_64/baseos/os/Packages/p/pam-1.5.1-28.el9_8.1.x86_64.rpm
    repoid: ubi-9-for-x86_64-baseos-rpms
    size: 645147
    checksum: sha256:9285aea93392dada0c8399b7d8a1c85ce7a6fdafd2fb5264727448549c15637c
    name: pam
    evr: 1.5.1-28.el9_8.1
    sourcerpm: pam-1.5.1-28.el9_8.1.src.rpm
  - url: https://cdn-ubi.redhat.com/content/public/ubi/dist/ubi9/9/x86_64/baseos/os/Packages/p/psmisc-23.4-3.el9.x86_64.rpm
    repoid: ubi-9-for-x86_64-baseos-rpms
    size: 253357
    checksum: sha256:30ad5408417c7f06fb945dc321bef3ce31f813f25389707dd1efa7c1d337b806
    name: psmisc
    evr: 23.4-3.el9
    sourcerpm: psmisc-23.4-3.el9.src.rpm
  - url: https://cdn-ubi.redhat.com/content/public/ubi/dist/ubi9/9/x86_64/baseos/os/Packages/s/systemd-252-67.el9_8.6.x86_64.rpm
    repoid: ubi-9-for-x86_64-baseos-rpms
    size: 4383786
    checksum: sha256:025ffe42235a9d4d40138bab7511995392d2a50ba6912be97b47e634b15823b8
    name: systemd
    evr: 252-67.el9_8.6
    sourcerpm: systemd-252-67.el9_8.6.src.rpm
  - url: https://cdn-ubi.redhat.com/content/public/ubi/dist/ubi9/9/x86_64/baseos/os/Packages/s/systemd-libs-252-67.el9_8.6.x86_64.rpm
    repoid: ubi-9-for-x86_64-baseos-rpms
    size: 662007
    checksum: sha256:d491d7375ed820bf4fa0d5f6d80a6f1a72cfa6ff31e79dabf9288246061cf88e
    name: systemd-libs
    evr: 252-67.el9_8.6
    sourcerpm: systemd-252-67.el9_8.6.src.rpm
  - url: https://cdn-ubi.redhat.com/content/public/ubi/dist/ubi9/9/x86_64/baseos/os/Packages/s/systemd-pam-252-67.el9_8.6.x86_64.rpm
    repoid: ubi-9-for-x86_64-baseos-rpms
    size: 258340
    checksum: sha256:eb780b309cd671d4b3bec7d3b31bf148179e527d7222663544470310f4cb43ee
    name: systemd-pam
    evr: 252-67.el9_8.6
    sourcerpm: systemd-252-67.el9_8.6.src.rpm
  - url: https://cdn-ubi.redhat.com/content/public/ubi/dist/ubi9/9/x86_64/baseos/os/Packages/s/systemd-rpm-macros-252-67.el9_8.6.noarch.rpm
    repoid: ubi-9-for-x86_64-baseos-rpms
    size: 40844
    checksum: sha256:974a0352427799559a3e90dcdb38200d767631452cca7717c5b0fbe7760df313
    name: systemd-rpm-macros
    evr: 252-67.el9_8.6
    sourcerpm: systemd-252-67.el9_8.6.src.rpm
  - url: https://cdn-ubi.redhat.com/content/public/ubi/dist/ubi9/9/x86_64/baseos/os/Packages/t/tar-1.34-13.el9_8.x86_64.rpm
    repoid: ubi-9-for-x86_64-baseos-rpms
    size: 914200
    checksum: sha256:913d84cd94463e3f0400d80c6742a2974eeab6445ac71ff9eb802a70779c146f
    name: tar
    evr: 2:1.34-13.el9_8
    sourcerpm: tar-1.34-13.el9_8.src.rpm
  - url: https://cdn-ubi.redhat.com/content/public/ubi/dist/ubi9/9/x86_64/baseos/os/Packages/u/util-linux-2.37.4-25.el9.x86_64.rpm
    repoid: ubi-9-for-x86_64-baseos-rpms
    size: 2382511
    checksum: sha256:35e0b73e574a7d8e93af0adf54adb2303f03423fd5761e357df86288f59d7933
    name: util-linux
    evr: 2.37.4-25.el9
    sourcerpm: util-linux-2.37.4-25.el9.src.rpm
  - url: https://cdn-ubi.redhat.com/content/public/ubi/dist/ubi9/9/x86_64/baseos/os/Packages/u/util-linux-core-2.37.4-25.el9.x86_64.rpm
    repoid: ubi-9-for-x86_64-baseos-rpms
    size: 476811
    checksum: sha256:5575c8fc753d5a81022786dac33e172a6d1602ef41d247a58465754d3f952726
    name: util-linux-core
    evr: 2.37.4-25.el9
    sourcerpm: util-linux-2.37.4-25.el9.src.rpm
  source:
  - url: https://cdn-ubi.redhat.com/content/public/ubi/dist/ubi9/9/x86_64/appstream/source/SRPMS/Packages/a/apr-1.7.0-12.el9_3.src.rpm
    repoid: ubi-9-for-x86_64-appstream-source-rpms
    size: 905784
    checksum: sha256:d98cd602e22db6e91fb5f71944a25826795783d3025dfea5c312fb108dc762b3
    name: apr
    evr: 1.7.0-12.el9_3
  - url: https://cdn-ubi.redhat.com/content/public/ubi/dist/ubi9/9/x86_64/appstream/source/SRPMS/Packages/a/apr-util-1.6.1-23.el9_8.1.src.rpm
    repoid: ubi-9-for-x86_64-appstream-source-rpms
    size: 464010
    checksum: sha256:6e2c9894ef2c3c76277a3885c2ad8e931eba71a0cd25e4fa42ef1de1e33bbc9c
    name: apr-util
    evr: 1.6.1-23.el9_8.1
  - url: https://cdn-ubi.redhat.com/content/public/ubi/dist/ubi9/9/x86_64/appstream/source/SRPMS/Packages/h/httpd-2.4.62-13.el9_8.6.src.rpm
    repoid: ubi-9-for-x86_64-appstream-source-rpms
    size: 8055023
    checksum: sha256:4983476bc366b597a13d73680fa3cccbe81a4a4db01c2d84ee3056225147bb40
    name: httpd
    evr: 2.4.62-13.el9_8.6
  - url: https://cdn-ubi.redhat.com/content/public/ubi/dist/ubi9/9/x86_64/appstream/source/SRPMS/Packages/n/nginx-1.20.1-28.el9_8.6.src.rpm
    repoid: ubi-9-for-x86_64-appstream-source-rpms
    size: 1152675
    checksum: sha256:eb6314a74de561c09f3afa6fae140b684022100f710896fdc74d8a213436c091
    name: nginx
    evr: 2:1.20.1-28.el9_8.6
  - url: https://cdn-ubi.redhat.com/content/public/ubi/dist/ubi9/9/x86_64/appstream/source/SRPMS/Packages/r/redhat-logos-90.6-1.el9.src.rpm
    repoid: ubi-9-for-x86_64-appstream-source-rpms
    size: 5662153
    checksum: sha256:ff75a6e9dc61aebb19c345b96977676854391a5233edbcdcbaf1e36134c00d4a
    name: redhat-logos
    evr: 90.6-1.el9
  - url: https://cdn-ubi.redhat.com/content/public/ubi/dist/ubi9/9/x86_64/baseos/source/SRPMS/Packages/a/acl-2.4.0-1.el9_8.src.rpm
    repoid: ubi-9-for-x86_64-baseos-source-rpms
    size: 609918
    checksum: sha256:b140deb68f46517b0093e18969d8fb42a17216064fb2ee5783e9316d786430db
    name: acl
    evr: 2.4.0-1.el9_8
  - url: https://cdn-ubi.redhat.com/content/public/ubi/dist/ubi9/9/x86_64/baseos/source/SRPMS/Packages/c/cracklib-2.9.6-28.el9.src.rpm
    repoid: ubi-9-for-x86_64-baseos-source-rpms
    size: 6416053
    checksum: sha256:4708420bdde578448be8c06a6b608635743682f6370d7d45d7cae46842529fa0
    name: cracklib
    evr: 2.9.6-28.el9
  - url: https://cdn-ubi.redhat.com/content/public/ubi/dist/ubi9/9/x86_64/baseos/source/SRPMS/Packages/d/dbus-1.12.20-8.el9.src.rpm
    repoid: ubi-9-for-x86_64-baseos-source-rpms
    size: 2143916
    checksum: sha256:3fe74a2b4fb4485c93e974010d9376e30a63dfcc628bfd6c01837c27b4953912
    name: dbus
    evr: 1:1.12.20-8.el9
  - url: https://cdn-ubi.redhat.com/content/public/ubi/dist/ubi9/9/x86_64/baseos/source/SRPMS/Packages/d/dbus-broker-28-9.el9_8.src.rpm
    repoid: ubi-9-for-x86_64-baseos-source-rpms
    size: 258866
    checksum: sha256:9ccbb440edb6826689fd5e0d650de4f08550c3c0f3b2732c54c1e99b0d361824
    name: dbus-broker
    evr: 28-9.el9_8
  - url: https://cdn-ubi.redhat.com/content/public/ubi/dist/ubi9/9/x86_64/baseos/source/SRPMS/Packages/e/elfutils-0.194-1.el9.src.rpm
    repoid: ubi-9-for-x86_64-baseos-source-rpms
    size: 12030455
    checksum: sha256:643279e796ded16c5be5cdc2a91839c787e62e59757008675eb0580a4a42af21
    name: elfutils
    evr: 0.194-1.el9
  - url: https://cdn-ubi.redhat.com/content/public/ubi/dist/ubi9/9/x86_64/baseos/source/SRPMS/Packages/e/expat-2.5.0-6.el9_8.3.src.rpm
    repoid: ubi-9-for-x86_64-baseos-source-rpms
    size: 8403095
    checksum: sha256:0cff2a2213384dc43eb1874bf6e77b2b8230be848f50387d8057e0e6cde3d392
    name: expat
    evr: 2.5.0-6.el9_8.3
  - url: https://cdn-ubi.redhat.com/content/public/ubi/dist/ubi9/9/x86_64/baseos/source/SRPMS/Packages/g/gcc-11.5.0-14.el9.src.rpm
    repoid: ubi-9-for-x86_64-baseos-source-rpms
    size: 81978017
    checksum: sha256:19dec462f2880508570ca42a82c2f76fbd95fcad8d3e3ff812e9ca50cdeb2d8f
    name: gcc
    evr: 11.5.0-14.el9
  - url: https://cdn-ubi.redhat.com/content/public/ubi/dist/ubi9/9/x86_64/baseos/source/SRPMS/Packages/g/gettext-0.21-8.el9.src.rpm
    repoid: ubi-9-for-x86_64-baseos-source-rpms
    size: 9750918
    checksum: sha256:1b4dc42c4afa9d998cd13750e0aa73e0d3a16f6792bfc5e17d39aabd9c68426d
    name: gettext
    evr: 0.21-8.el9
  - url: https://cdn-ubi.redhat.com/content/public/ubi/dist/ubi9/9/x86_64/baseos/source/SRPMS/Packages/g/gzip-1.12-2.el9_8.src.rpm
    repoid: ubi-9-for-x86_64-baseos-source-rpms
    size: 859023
    checksum: sha256:f28fcbe8f3de2ec7dcdb51b1f51f03f61d0afa18c9fef10d210f40ff0c71f3a0
    name: gzip
    evr: 1.12-2.el9_8
  - url: https://cdn-ubi.redhat.com/content/public/ubi/dist/ubi9/9/x86_64/baseos/source/SRPMS/Packages/i/iproute-6.17.0-2.el9.src.rpm
    repoid: ubi-9-for-x86_64-baseos-source-rpms
    size: 981868
    checksum: sha256:d7a70b0c12311e2aa2692719b9577dc5225d24bb0efd63909dec6f2c6704eded
    name: iproute
    evr: 6.17.0-2.el9
  - url: https://cdn-ubi.redhat.com/content/public/ubi/dist/ubi9/9/x86_64/baseos/source/SRPMS/Packages/k/kmod-28-11.el9.src.rpm
    repoid: ubi-9-for-x86_64-baseos-source-rpms
    size: 579198
    checksum: sha256:4f6fefbf0d004b23494fe18ccfff2b9151ea887a276c56a6f25ea597a250991c
    name: kmod
    evr: 28-11.el9
  - url: https://cdn-ubi.redhat.com/content/public/ubi/dist/ubi9/9/x86_64/baseos/source/SRPMS/Packages/l/libbpf-1.5.0-3.el9.src.rpm
    repoid: ubi-9-for-x86_64-baseos-source-rpms
    size: 146253564
    checksum: sha256:07c40367b17345fa5e647ef3c20965502ec3d93fe876c2ab6c9ba0af0959cb28
    name: libbpf
    evr: 2:1.5.0-3.el9
  - url: https://cdn-ubi.redhat.com/content/public/ubi/dist/ubi9/9/x86_64/baseos/source/SRPMS/Packages/l/libdb-5.3.28-57.el9_6.src.rpm
    repoid: ubi-9-for-x86_64-baseos-source-rpms
    size: 35290920
    checksum: sha256:6a74a3d96bd4657659524050945e2a47e93779addf2de374a13e1baf32b4ab8d
    name: libdb
    evr: 5.3.28-57.el9_6
  - url: https://cdn-ubi.redhat.com/content/public/ubi/dist/ubi9/9/x86_64/baseos/source/SRPMS/Packages/l/libeconf-0.4.1-7.el9_8.src.rpm
    repoid: ubi-9-for-x86_64-baseos-source-rpms
    size: 206886
    checksum: sha256:425009c96135f39ca7bdb8a6ea948187d052d339dd76235979439fbd169da331
    name: libeconf
    evr: 0.4.1-7.el9_8
  - url: https://cdn-ubi.redhat.com/content/public/ubi/dist/ubi9/9/x86_64/baseos/source/SRPMS/Packages/l/libmnl-1.0.4-16.el9_4.src.rpm
    repoid: ubi-9-for-x86_64-baseos-source-rpms
    size: 313835
    checksum: sha256:ebfb5c801e7a3a2b83b4c4612ea923b9dd155428e738ff52b03e8966b78d2c08
    name: libmnl
    evr: 1.0.4-16.el9_4
  - url: https://cdn-ubi.redhat.com/content/public/ubi/dist/ubi9/9/x86_64/baseos/source/SRPMS/Packages/l/libpwquality-1.4.4-8.el9.src.rpm
    repoid: ubi-9-for-x86_64-baseos-source-rpms
    size: 447225
    checksum: sha256:14fbf335e2c6f22b441a9750a69b7c41e197c4dd21adac701fd81f17660ee0b4
    name: libpwquality
    evr: 1.4.4-8.el9
  - url: https://cdn-ubi.redhat.com/content/public/ubi/dist/ubi9/9/x86_64/baseos/source/SRPMS/Packages/l/libseccomp-2.5.2-2.el9.src.rpm
    repoid: ubi-9-for-x86_64-baseos-source-rpms
    size: 653169
    checksum: sha256:43dd0fa2cd26306e2017704075e628bbe675c8731b17848df82f3b59337f1be8
    name: libseccomp
    evr: 2.5.2-2.el9
  - url: https://cdn-ubi.redhat.com/content/public/ubi/dist/ubi9/9/x86_64/baseos/source/SRPMS/Packages/l/libutempter-1.2.1-6.el9.src.rpm
    repoid: ubi-9-for-x86_64-baseos-source-rpms
    size: 30093
    checksum: sha256:e48843d2734fefad084a86165860ea9575bdc53f63bb5845d8807ce9ccb4f914
    name: libutempter
    evr: 1.2.1-6.el9
  - url: https://cdn-ubi.redhat.com/content/public/ubi/dist/ubi9/9/x86_64/baseos/source/SRPMS/Packages/l/logrotate-3.18.0-12.el9.src.rpm
    repoid: ubi-9-for-x86_64-baseos-source-rpms
    size: 205633
    checksum: sha256:c6c769ca9371b56f7773c3658f103105f2f81c094e2c205cd1b6943c5bdc23c3
    name: logrotate
    evr: 3.18.0-12.el9
  - url: https://cdn-ubi.redhat.com/content/public/ubi/dist/ubi9/9/x86_64/baseos/source/SRPMS/Packages/o/openssl-3.5.8-1.el9_8.src.rpm
    repoid: ubi-9-for-x86_64-baseos-source-rpms
    size: 53429735
    checksum: sha256:393e8694b8161826f67f149cd7dde6b63da96f02efc050fda651d265907f2c20
    name: openssl
    evr: 1:3.5.8-1.el9_8
  - url: https://cdn-ubi.redhat.com/content/public/ubi/dist/ubi9/9/x86_64/baseos/source/SRPMS/Packages/p/pam-1.5.1-28.el9_8.1.src.rpm
    repoid: ubi-9-for-x86_64-baseos-source-rpms
    size: 1142205
    checksum: sha256:fe61734fdb226915dff402bcd1ad2002e0fd7a4dad9042af65688804f428b30b
    name: pam
    evr: 1.5.1-28.el9_8.1
  - url: https://cdn-ubi.redhat.com/content/public/ubi/dist/ubi9/9/x86_64/baseos/source/SRPMS/Packages/p/psmisc-23.4-3.el9.src.rpm
    repoid: ubi-9-for-x86_64-baseos-source-rpms
    size: 386002
    checksum: sha256:9e65fd323b6c88f71e05576b931a10ba4bdce9314114ba88e436482efa77d6bd
    name: psmisc
    evr: 23.4-3.el9
  - url: https://cdn-ubi.redhat.com/content/public/ubi/dist/ubi9/9/x86_64/baseos/source/SRPMS/Packages/s/systemd-252-67.el9_8.6.src.rpm
    repoid: ubi-9-for-x86_64-baseos-source-rpms
    size: 45003976
    checksum: sha256:f535f4c20ed82f56cc7f4c86202e3cd582815f702bb0c24005a07a496ec94c97
    name: systemd
    evr: 252-67.el9_8.6
  - url: https://cdn-ubi.redhat.com/content/public/ubi/dist/ubi9/9/x86_64/baseos/source/SRPMS/Packages/t/tar-1.34-13.el9_8.src.rpm
    repoid: ubi-9-for-x86_64-baseos-source-rpms
    size: 2312101
    checksum: sha256:15eeffee75eaef17e056cef4d5207825782a755db6dfd509a759e672ffd03b6c
    name: tar
    evr: 2:1.34-13.el9_8
  - url: https://cdn-ubi.redhat.com/content/public/ubi/dist/ubi9/9/x86_64/baseos/source/SRPMS/Packages/u/util-linux-2.37.4-25.el9.src.rpm
    repoid: ubi-9-for-x86_64-baseos-source-rpms
    size: 6291867
    checksum: sha256:6c788387cde9c0fde5481382f3f8416e3ecbcf09c908b409b6c63358b90a399f
    name: util-linux
    evr: 2.37.4-25.el9
  module_metadata: []
